
Microsoft Visual Studio Solution File, Format Version 12.00
# Visual Studio Version 16
VisualStudioVersion = 16.0.29209.62
MinimumVisualStudioVersion = 10.0.40219.1
Project("{FAE04EC0-301F-11D3-BF4B-00C04F79EFBC}") = "gra", "gra\gra.csproj", "{48CA47E6-24C7-4F88-8437-723A8AC5A140}"
EndProject
Global
	GlobalSection(SolutionConfigurationPlatforms) = preSolution
		Debug|Any CPU = Debug|Any CPU
		Release|Any CPU = Release|Any CPU
	EndGlobalSection
	GlobalSection(ProjectConfigurationPlatforms) = postSolution
		{48CA47E6-24C7-4F88-8437-723A8AC5A140}.Debug|Any CPU.ActiveCfg = Debug|Any CPU
		{48CA47E6-24C7-4F88-8437-723A8AC5A140}.Debug|Any CPU.Build.0 = Debug|Any CPU
		{48CA47E6-24C7-4F88-8437-723A8AC5A140}.Release|Any CPU.ActiveCfg = Release|Any CPU
		{48CA47E6-24C7-4F88-8437-723A8AC5A140}.Release|Any CPU.Build.0 = Release|Any CPU
	EndGlobalSection
	GlobalSection(SolutionProperties) = preSolution
		HideSolutionNode = FALSE
	EndGlobalSection
	GlobalSection(ExtensibilityGlobals) = postSolution
		SolutionGuid = {BDA088E4-DC32-44B4-B8F9-EA9F2EB89420}
	EndGlobalSection
EndGlobal
